
Microsoft Visual Studio Solution File, Format Version 12.00
# Visual Studio Version 16
VisualStudioVersion = 16.0.31410.357
MinimumVisualStudioVersion = 10.0.40219.1
Project("{FAE04EC0-301F-11D3-BF4B-00C04F79EFBC}") = "TemplateApp", "TemplateApp\TemplateApp.csproj", "{96D43D46-BAA1-4C19-8196-8FF4B21FEAE4}"
EndProject
Project("{FAE04EC0-301F-11D3-BF4B-00C04F79EFBC}") = "TemplateApi", "..\TemplateApi\TemplateApi.csproj", "{2F27D3AD-CC31-4EBE-963C-6AD827320DA9}"
EndProject
Project("{FAE04EC0-301F-11D3-BF4B-00C04F79EFBC}") = "TemplateShared", "..\TemplateShared\TemplateShared.csproj", "{DD3FDFF7-C1A3-4461-A96C-A081A5E94BC6}"
EndProject
Global
	GlobalSection(SolutionConfigurationPlatforms) = preSolution
		Debug|Any CPU = Debug|Any CPU
		Release|Any CPU = Release|Any CPU
	EndGlobalSection
	GlobalSection(ProjectConfigurationPlatforms) = postSolution
		{96D43D46-BAA1-4C19-8196-8FF4B21FEAE4}.Debug|Any CPU.ActiveCfg = Debug|Any CPU
		{96D43D46-BAA1-4C19-8196-8FF4B21FEAE4}.Debug|Any CPU.Build.0 = Debug|Any CPU
		{96D43D46-BAA1-4C19-8196-8FF4B21FEAE4}.Release|Any CPU.ActiveCfg = Release|Any CPU
		{96D43D46-BAA1-4C19-8196-8FF4B21FEAE4}.Release|Any CPU.Build.0 = Release|Any CPU
		{2F27D3AD-CC31-4EBE-963C-6AD827320DA9}.Debug|Any CPU.ActiveCfg = Debug|Any CPU
		{2F27D3AD-CC31-4EBE-963C-6AD827320DA9}.Debug|Any CPU.Build.0 = Debug|Any CPU
		{2F27D3AD-CC31-4EBE-963C-6AD827320DA9}.Release|Any CPU.ActiveCfg = Release|Any CPU
		{2F27D3AD-CC31-4EBE-963C-6AD827320DA9}.Release|Any CPU.Build.0 = Release|Any CPU
		{DD3FDFF7-C1A3-4461-A96C-A081A5E94BC6}.Debug|Any CPU.ActiveCfg = Debug|Any CPU
		{DD3FDFF7-C1A3-4461-A96C-A081A5E94BC6}.Debug|Any CPU.Build.0 = Debug|Any CPU
		{DD3FDFF7-C1A3-4461-A96C-A081A5E94BC6}.Release|Any CPU.ActiveCfg = Release|Any CPU
		{DD3FDFF7-C1A3-4461-A96C-A081A5E94BC6}.Release|Any CPU.Build.0 = Release|Any CPU
	EndGlobalSection
	GlobalSection(SolutionProperties) = preSolution
		HideSolutionNode = FALSE
	EndGlobalSection
	GlobalSection(ExtensibilityGlobals) = postSolution
		SolutionGuid = {AB59EE37-31C9-4D90-9C5C-76F022B72DE1}
	EndGlobalSection
EndGlobal
